
Microsoft Visual Studio Solution File, Format Version 12.00
# Visual Studio Version 17
VisualStudioVersion = 17.9.34616.47
MinimumVisualStudioVersion = 10.0.40219.1
Project("{FAE04EC0-301F-11D3-BF4B-00C04F79EFBC}") = "VisualizedTimeSheets", "VisualizedTimeSheets\VisualizedTimeSheets.csproj", "{724307FA-C00B-4204-AD1B-5ADAB04F272F}"
EndProject
Global
	GlobalSection(SolutionConfigurationPlatforms) = preSolution
		Debug|Any CPU = Debug|Any CPU
		Release|Any CPU = Release|Any CPU
	EndGlobalSection
	GlobalSection(ProjectConfigurationPlatforms) = postSolution
		{724307FA-C00B-4204-AD1B-5ADAB04F272F}.Debug|Any CPU.ActiveCfg = Debug|Any CPU
		{724307FA-C00B-4204-AD1B-5ADAB04F272F}.Debug|Any CPU.Build.0 = Debug|Any CPU
		{724307FA-C00B-4204-AD1B-5ADAB04F272F}.Release|Any CPU.ActiveCfg = Release|Any CPU
		{724307FA-C00B-4204-AD1B-5ADAB04F272F}.Release|Any CPU.Build.0 = Release|Any CPU
	EndGlobalSection
	GlobalSection(SolutionProperties) = preSolution
		HideSolutionNode = FALSE
	EndGlobalSection
	GlobalSection(ExtensibilityGlobals) = postSolution
		SolutionGuid = {D7470B6A-344F-4E38-83CD-5123EAD59710}
	EndGlobalSection
EndGlobal
